
Microsoft Visual Studio Solution File, Format Version 12.00
# Visual Studio Version 17
VisualStudioVersion = 17.1.32210.238
MinimumVisualStudioVersion = 10.0.40219.1
Project("{9A19103F-16F7-4668-BE54-9A1E7A4F7556}") = "DocumentAdministration.API", "DocumentAdministration.API\DocumentAdministration.API.csproj", "{AC06EE6B-F0B0-49F7-93AB-AE140279B15C}"
EndProject
Project("{54A90642-561A-4BB1-A94E-469ADEE60C69}") = "DocumentAdministration.UI", "..\DocumentAdministration.UI\DocumentAdministration.UI.esproj", "{968B2389-6B50-47E1-8145-25A48EE39F32}"
EndProject
Global
	GlobalSection(SolutionConfigurationPlatforms) = preSolution
		Debug|Any CPU = Debug|Any CPU
		Release|Any CPU = Release|Any CPU
	EndGlobalSection
	GlobalSection(ProjectConfigurationPlatforms) = postSolution
		{AC06EE6B-F0B0-49F7-93AB-AE140279B15C}.Debug|Any CPU.ActiveCfg = Debug|Any CPU
		{AC06EE6B-F0B0-49F7-93AB-AE140279B15C}.Debug|Any CPU.Build.0 = Debug|Any CPU
		{AC06EE6B-F0B0-49F7-93AB-AE140279B15C}.Release|Any CPU.ActiveCfg = Release|Any CPU
		{AC06EE6B-F0B0-49F7-93AB-AE140279B15C}.Release|Any CPU.Build.0 = Release|Any CPU
		{968B2389-6B50-47E1-8145-25A48EE39F32}.Debug|Any CPU.ActiveCfg = Debug|Any CPU
		{968B2389-6B50-47E1-8145-25A48EE39F32}.Debug|Any CPU.Build.0 = Debug|Any CPU
		{968B2389-6B50-47E1-8145-25A48EE39F32}.Debug|Any CPU.Deploy.0 = Debug|Any CPU
		{968B2389-6B50-47E1-8145-25A48EE39F32}.Release|Any CPU.ActiveCfg = Release|Any CPU
		{968B2389-6B50-47E1-8145-25A48EE39F32}.Release|Any CPU.Build.0 = Release|Any CPU
		{968B2389-6B50-47E1-8145-25A48EE39F32}.Release|Any CPU.Deploy.0 = Release|Any CPU
	EndGlobalSection
	GlobalSection(SolutionProperties) = preSolution
		HideSolutionNode = FALSE
	EndGlobalSection
	GlobalSection(ExtensibilityGlobals) = postSolution
		SolutionGuid = {E8A09B20-08E4-453E-B5F1-2D3D60CD9CC9}
	EndGlobalSection
EndGlobal
